{
  "version": 4,
  "terraform_version": "1.12.6",
  "serial": 7,
  "lineage": "71f68130-3c75-a5e8-7a6d-35b2f8e19bfa",
  "outputs": {
    "repository_node_id": {
      "value": "R_kgDOUPeebw",
      "type": "string"
    }
  },
  "resources": [
    {
      "mode": "managed",
      "type": "github_branch_protection",
      "name": "master",
      "provider": "provider[\"registry.opentofu.org/integrations/github\"]",
      "instances": [
        {
          "schema_version": 2,
          "attributes": {
            "allows_deletions": false,
            "allows_force_pushes": false,
            "enforce_admins": false,
            "force_push_bypassers": [],
            "id": "BPR_kwDOUPeeb84E74BT",
            "lock_branch": false,
            "pattern": "master",
            "repository_id": "R_kgDOUPeebw",
            "require_conversation_resolution": true,
            "require_signed_commits": false,
            "required_linear_history": true,
            "required_pull_request_reviews": [
              {
                "dismiss_stale_reviews": false,
                "dismissal_restrictions": [],
                "pull_request_bypassers": [],
                "require_code_owner_reviews": false,
                "require_last_push_approval": false,
                "required_approving_review_count": 0,
                "restrict_dismissals": false
              }
            ],
            "required_status_checks": [
              {
                "contexts": [
                  "CI Success"
                ],
                "strict": false
              }
            ],
            "restrict_pushes": []
          },
          "sensitive_attributes": [],
          "private": "eyJzY2hlbWFfdmVyc2lvbiI6IjIifQ==",
          "dependencies": [
            "github_repository.this"
          ]
        }
      ]
    },
    {
      "mode": "managed",
      "type": "github_issue_label",
      "name": "bug",
      "provider": "provider[\"registry.opentofu.org/integrations/github\"]",
      "instances": [
        {
          "schema_version": 0,
          "attributes": {
            "color": "d73a4a",
            "description": "Bug report",
            "etag": "W/\"7b3fc20a5c54494895297c2cef1b35021b853ba2ca661b789428938be188c776\"",
            "id": "claude-daily-driver:bug",
            "name": "bug",
            "repository": "claude-daily-driver",
            "url": "https://api.github.com/repos/jmcvetta/claude-daily-driver/labels/bug"
          },
          "sensitive_attributes": [],
          "private": "bnVsbA==",
          "dependencies": [
            "github_repository.this"
          ]
        }
      ]
    },
    {
      "mode": "managed",
      "type": "github_issue_label",
      "name": "epic",
      "provider": "provider[\"registry.opentofu.org/integrations/github\"]",
      "instances": [
        {
          "schema_version": 0,
          "attributes": {
            "color": "5319e7",
            "description": "Coordinates a sequence of other issues",
            "etag": "\"7517d5da0cd285e93b4ac01ca4a456bfbf06bf31d22c103d1341dcc81677a129\"",
            "id": "claude-daily-driver:epic",
            "name": "epic",
            "repository": "claude-daily-driver",
            "url": "https://api.github.com/repos/jmcvetta/claude-daily-driver/labels/epic"
          },
          "sensitive_attributes": [],
          "private": "bnVsbA==",
          "dependencies": [
            "github_repository.this"
          ]
        }
      ]
    },
    {
      "mode": "managed",
      "type": "github_issue_label",
      "name": "proposal",
      "provider": "provider[\"registry.opentofu.org/integrations/github\"]",
      "instances": [
        {
          "schema_version": 0,
          "attributes": {
            "color": "1d76db",
            "description": "Proposed feature",
            "etag": "\"c12f67eecdbd676909182e14e82ea7ed002a96fa1dac3c2e8aceceb590e2a5e5\"",
            "id": "claude-daily-driver:proposal",
            "name": "proposal",
            "repository": "claude-daily-driver",
            "url": "https://api.github.com/repos/jmcvetta/claude-daily-driver/labels/proposal"
          },
          "sensitive_attributes": [],
          "private": "bnVsbA==",
          "dependencies": [
            "github_repository.this"
          ]
        }
      ]
    },
    {
      "mode": "managed",
      "type": "github_issue_label",
      "name": "research",
      "provider": "provider[\"registry.opentofu.org/integrations/github\"]",
      "instances": [
        {
          "schema_version": 0,
          "attributes": {
            "color": "fbca04",
            "description": "A question to settle",
            "etag": "\"5ed11d65a4719722cec53eda7b403d73ed94c9656780ebf5d8edebe5babcb071\"",
            "id": "claude-daily-driver:research",
            "name": "research",
            "repository": "claude-daily-driver",
            "url": "https://api.github.com/repos/jmcvetta/claude-daily-driver/labels/research"
          },
          "sensitive_attributes": [],
          "private": "bnVsbA==",
          "dependencies": [
            "github_repository.this"
          ]
        }
      ]
    },
    {
      "mode": "managed",
      "type": "github_issue_label",
      "name": "task",
      "provider": "provider[\"registry.opentofu.org/integrations/github\"]",
      "instances": [
        {
          "schema_version": 0,
          "attributes": {
            "color": "0e8a16",
            "description": "Discrete work, specified and ready for an agent",
            "etag": "\"748e91e95a49c0dd77dd5f7f95c73c0bbd390fbbca2f9fc1a686371afd96fefe\"",
            "id": "claude-daily-driver:task",
            "name": "task",
            "repository": "claude-daily-driver",
            "url": "https://api.github.com/repos/jmcvetta/claude-daily-driver/labels/task"
          },
          "sensitive_attributes": [],
          "private": "bnVsbA==",
          "dependencies": [
            "github_repository.this"
          ]
        }
      ]
    },
    {
      "mode": "managed",
      "type": "github_repository",
      "name": "this",
      "provider": "provider[\"registry.opentofu.org/integrations/github\"]",
      "instances": [
        {
          "schema_version": 1,
          "attributes": {
            "allow_auto_merge": true,
            "allow_forking": true,
            "allow_merge_commit": false,
            "allow_rebase_merge": false,
            "allow_squash_merge": true,
            "allow_update_branch": false,
            "archive_on_destroy": null,
            "archived": false,
            "auto_init": false,
            "default_branch": "master",
            "delete_branch_on_merge": true,
            "description": "Daily-driver skills for Claude Code, packaged as a plugin.",
            "etag": "W/\"57d530c06c21b15af6ce9627e896173efd698df23f47762bb00a1e0614cce8bd\"",
            "fork": "false",
            "full_name": "jmcvetta/claude-daily-driver",
            "git_clone_url": "git://github.com/jmcvetta/claude-daily-driver.git",
            "gitignore_template": null,
            "has_discussions": false,
            "has_downloads": false,
            "has_issues": true,
            "has_projects": true,
            "has_wiki": true,
            "homepage_url": "",
            "html_url": "https://github.com/jmcvetta/claude-daily-driver",
            "http_clone_url": "https://github.com/jmcvetta/claude-daily-driver.git",
            "id": "claude-daily-driver",
            "ignore_vulnerability_alerts_during_read": false,
            "is_template": false,
            "license_template": null,
            "merge_commit_message": "PR_TITLE",
            "merge_commit_title": "MERGE_MESSAGE",
            "name": "claude-daily-driver",
            "node_id": "R_kgDOUPeebw",
            "pages": [],
            "primary_language": "Python",
            "private": false,
            "repo_id": 1358405231,
            "security_and_analysis": [
              {
                "advanced_security": [],
                "code_security": [],
                "secret_scanning": [
                  {
                    "status": "enabled"
                  }
                ],
                "secret_scanning_ai_detection": [],
                "secret_scanning_non_provider_patterns": [],
                "secret_scanning_push_protection": [
                  {
                    "status": "enabled"
                  }
                ]
              }
            ],
            "source_owner": "",
            "source_repo": "",
            "squash_merge_commit_message": "PR_BODY",
            "squash_merge_commit_title": "PR_TITLE",
            "ssh_clone_url": "git@github.com:jmcvetta/claude-daily-driver.git",
            "svn_url": "https://github.com/jmcvetta/claude-daily-driver",
            "template": [],
            "topics": [],
            "visibility": "public",
            "vulnerability_alerts": true,
            "web_commit_signoff_required": false
          },
          "sensitive_attributes": [],
          "private": "eyJzY2hlbWFfdmVyc2lvbiI6IjEifQ=="
        }
      ]
    },
    {
      "mode": "managed",
      "type": "github_repository_vulnerability_alerts",
      "name": "this",
      "provider": "provider[\"registry.opentofu.org/integrations/github\"]",
      "instances": [
        {
          "schema_version": 0,
          "attributes": {
            "enabled": true,
            "id": "1358405231",
            "repository": "claude-daily-driver",
            "repository_id": 1358405231
          },
          "sensitive_attributes": [],
          "private": "bnVsbA==",
          "dependencies": [
            "github_repository.this"
          ]
        }
      ]
    },
    {
      "mode": "managed",
      "type": "github_workflow_repository_permissions",
      "name": "this",
      "provider": "provider[\"registry.opentofu.org/integrations/github\"]",
      "instances": [
        {
          "schema_version": 0,
          "attributes": {
            "can_approve_pull_request_reviews": true,
            "default_workflow_permissions": "read",
            "id": "claude-daily-driver",
            "repository": "claude-daily-driver"
          },
          "sensitive_attributes": [],
          "private": "bnVsbA==",
          "dependencies": [
            "github_repository.this"
          ]
        }
      ]
    }
  ],
  "check_results": null
}

